{
  "name": "workspace",
  "lockfileVersion": 2,
  "requires": true,
  "packages": {
    "": {
      "dependencies": {
        "inspirational-quotes": "^2.0.1",
        "random-anime-quotes": "^1.0.3"
      }
    },
    "node_modules/centra": {
      "version": "2.6.0",
      "resolved": "https://registry.npmjs.org/centra/-/centra-2.6.0.tgz",
      "integrity": "sha512-dgh+YleemrT8u85QL11Z6tYhegAs3MMxsaWAq/oXeAmYJ7VxL3SI9TZtnfaEvNDMAPolj25FXIb3S+HCI4wQaQ=="
    },
    "node_modules/eventemitter3": {
      "version": "4.0.7",
      "resolved": "https://registry.npmjs.org/eventemitter3/-/eventemitter3-4.0.7.tgz",
      "integrity": "sha512-8guHBZCwKnFhYdHr2ysuRWErTwhoN2X8XELRlrRwpmfeY2jjuUN4taQMsULKUVo1K4DvZl+0pgfyoysHxvmvEw=="
    },
    "node_modules/inspirational-quotes": {
      "version": "2.0.1",
      "resolved": "https://registry.npmjs.org/inspirational-quotes/-/inspirational-quotes-2.0.1.tgz",
      "integrity": "sha512-IYJEdSUphF4HOoOiABua2l7aUZ2OBTc/NpihPuENF3ieXEBuywOTtYle7zzvZfEJKouG9utOwQpMQtm0GIB2BQ=="
    },
    "node_modules/phin": {
      "version": "3.7.0",
      "resolved": "https://registry.npmjs.org/phin/-/phin-3.7.0.tgz",
      "integrity": "sha512-DqnVNrpYhKGBZppNKprD+UJylMeEKOZxHgPB+ZP6mGzf3uA2uox4Ep9tUm+rUc8WLIdHT3HcAE4X8fhwQA9JKg==",
      "dependencies": {
        "centra": "^2.6.0"
      },
      "engines": {
        "node": ">= 8"
      }
    },
    "node_modules/random-anime-quotes": {
      "version": "1.0.3",
      "resolved": "https://registry.npmjs.org/random-anime-quotes/-/random-anime-quotes-1.0.3.tgz",
      "integrity": "sha512-1Zxom1jRycQySpPDF6a4CzUcIvX3adWfSUlOdYle+HhnB2lH1YOmo4Wh9vmjki1TcCZ4zlYc8FAJdw+XCtuaWA==",
      "dependencies": {
        "eventemitter3": "^4.0.7",
        "phin": "^3.6.0"
      },
      "funding": {
        "url": "https://ko-fi.com/Aeryk"
      }
    }
  },
  "dependencies": {
    "centra": {
      "version": "2.6.0",
      "resolved": "https://registry.npmjs.org/centra/-/centra-2.6.0.tgz",
      "integrity": "sha512-dgh+YleemrT8u85QL11Z6tYhegAs3MMxsaWAq/oXeAmYJ7VxL3SI9TZtnfaEvNDMAPolj25FXIb3S+HCI4wQaQ=="
    },
    "eventemitter3": {
      "version": "4.0.7",
      "resolved": "https://registry.npmjs.org/eventemitter3/-/eventemitter3-4.0.7.tgz",
      "integrity": "sha512-8guHBZCwKnFhYdHr2ysuRWErTwhoN2X8XELRlrRwpmfeY2jjuUN4taQMsULKUVo1K4DvZl+0pgfyoysHxvmvEw=="
    },
    "inspirational-quotes": {
      "version": "2.0.1",
      "resolved": "https://registry.npmjs.org/inspirational-quotes/-/inspirational-quotes-2.0.1.tgz",
      "integrity": "sha512-IYJEdSUphF4HOoOiABua2l7aUZ2OBTc/NpihPuENF3ieXEBuywOTtYle7zzvZfEJKouG9utOwQpMQtm0GIB2BQ=="
    },
    "phin": {
      "version": "3.7.0",
      "resolved": "https://registry.npmjs.org/phin/-/phin-3.7.0.tgz",
      "integrity": "sha512-DqnVNrpYhKGBZppNKprD+UJylMeEKOZxHgPB+ZP6mGzf3uA2uox4Ep9tUm+rUc8WLIdHT3HcAE4X8fhwQA9JKg==",
      "requires": {
        "centra": "^2.6.0"
      }
    },
    "random-anime-quotes": {
      "version": "1.0.3",
      "resolved": "https://registry.npmjs.org/random-anime-quotes/-/random-anime-quotes-1.0.3.tgz",
      "integrity": "sha512-1Zxom1jRycQySpPDF6a4CzUcIvX3adWfSUlOdYle+HhnB2lH1YOmo4Wh9vmjki1TcCZ4zlYc8FAJdw+XCtuaWA==",
      "requires": {
        "eventemitter3": "^4.0.7",
        "phin": "^3.6.0"
      }
    }
  }
}
